
Microsoft Visual Studio Solution File, Format Version 12.00
# Visual Studio Version 16
VisualStudioVersion = 16.0.30621.155
MinimumVisualStudioVersion = 10.0.40219.1
Project("{FAE04EC0-301F-11D3-BF4B-00C04F79EFBC}") = "SudokuSolver", "SudokuSolver.csproj", "{EA9A98BE-99A8-4530-BBAF-67E35ADDB075}"
EndProject
Global
	GlobalSection(SolutionConfigurationPlatforms) = preSolution
		Debug|Any CPU = Debug|Any CPU
		Release|Any CPU = Release|Any CPU
	EndGlobalSection
	GlobalSection(ProjectConfigurationPlatforms) = postSolution
		{EA9A98BE-99A8-4530-BBAF-67E35ADDB075}.Debug|Any CPU.ActiveCfg = Debug|Any CPU
		{EA9A98BE-99A8-4530-BBAF-67E35ADDB075}.Debug|Any CPU.Build.0 = Debug|Any CPU
		{EA9A98BE-99A8-4530-BBAF-67E35ADDB075}.Release|Any CPU.ActiveCfg = Release|Any CPU
		{EA9A98BE-99A8-4530-BBAF-67E35ADDB075}.Release|Any CPU.Build.0 = Release|Any CPU
	EndGlobalSection
	GlobalSection(SolutionProperties) = preSolution
		HideSolutionNode = FALSE
	EndGlobalSection
	GlobalSection(ExtensibilityGlobals) = postSolution
		SolutionGuid = {8809090F-4D92-4B78-8F03-C2FD254A972C}
	EndGlobalSection
EndGlobal
